
Microsoft Visual Studio Solution File, Format Version 12.00
# Visual Studio 14
VisualStudioVersion = 14.0.25123.0
MinimumVisualStudioVersion = 10.0.40219.1
Project("{FAE04EC0-301F-11D3-BF4B-00C04F79EFBC}") = "ALLINONE", "ALLINONE\ALLINONE.csproj", "{7CCA0335-2A40-483C-8112-1AA7E70E0FAD}"
EndProject
Project("{FAE04EC0-301F-11D3-BF4B-00C04F79EFBC}") = "ALLINONE.LOGIC", "ALLINONE.LOGIC\ALLINONE.LOGIC.csproj", "{14795CDD-CBFB-4459-9973-BB0A2031E2C8}"
EndProject
Project("{FAE04EC0-301F-11D3-BF4B-00C04F79EFBC}") = "ALLINONE.SERVICE", "ALLINONE.SERVICE\ALLINONE.SERVICE.csproj", "{5EF91381-2443-48D4-A5CA-6D3D138EACD2}"
EndProject
Project("{FAE04EC0-301F-11D3-BF4B-00C04F79EFBC}") = "ALLINONE.DATA", "ALLINONE.DATA\ALLINONE.DATA.csproj", "{07201ECC-235F-4682-B76E-114F60A3D568}"
EndProject
Project("{FAE04EC0-301F-11D3-BF4B-00C04F79EFBC}") = "ALLINONE.MODEL", "ALLINONE.MODEL\ALLINONE.MODEL.csproj", "{5DF0D83C-7C8A-4CA0-9E19-15DEF797FF1B}"
EndProject
Project("{FAE04EC0-301F-11D3-BF4B-00C04F79EFBC}") = "ALLINONEPROJECTTEST", "ALLINONEPROJECTTEST\ALLINONEPROJECTTEST.csproj", "{A45DC5CA-BEA8-40F9-95DE-BE83A575A0A7}"
EndProject
Global
	GlobalSection(SolutionConfigurationPlatforms) = preSolution
		Debug|Any CPU = Debug|Any CPU
		Release|Any CPU = Release|Any CPU
	EndGlobalSection
	GlobalSection(ProjectConfigurationPlatforms) = postSolution
		{7CCA0335-2A40-483C-8112-1AA7E70E0FAD}.Debug|Any CPU.ActiveCfg = Debug|Any CPU
		{7CCA0335-2A40-483C-8112-1AA7E70E0FAD}.Debug|Any CPU.Build.0 = Debug|Any CPU
		{7CCA0335-2A40-483C-8112-1AA7E70E0FAD}.Release|Any CPU.ActiveCfg = Release|Any CPU
		{7CCA0335-2A40-483C-8112-1AA7E70E0FAD}.Release|Any CPU.Build.0 = Release|Any CPU
		{14795CDD-CBFB-4459-9973-BB0A2031E2C8}.Debug|Any CPU.ActiveCfg = Debug|Any CPU
		{14795CDD-CBFB-4459-9973-BB0A2031E2C8}.Debug|Any CPU.Build.0 = Debug|Any CPU
		{14795CDD-CBFB-4459-9973-BB0A2031E2C8}.Release|Any CPU.ActiveCfg = Release|Any CPU
		{14795CDD-CBFB-4459-9973-BB0A2031E2C8}.Release|Any CPU.Build.0 = Release|Any CPU
		{5EF91381-2443-48D4-A5CA-6D3D138EACD2}.Debug|Any CPU.ActiveCfg = Debug|Any CPU
		{5EF91381-2443-48D4-A5CA-6D3D138EACD2}.Debug|Any CPU.Build.0 = Debug|Any CPU
		{5EF91381-2443-48D4-A5CA-6D3D138EACD2}.Release|Any CPU.ActiveCfg = Release|Any CPU
		{5EF91381-2443-48D4-A5CA-6D3D138EACD2}.Release|Any CPU.Build.0 = Release|Any CPU
		{07201ECC-235F-4682-B76E-114F60A3D568}.Debug|Any CPU.ActiveCfg = Debug|Any CPU
		{07201ECC-235F-4682-B76E-114F60A3D568}.Debug|Any CPU.Build.0 = Debug|Any CPU
		{07201ECC-235F-4682-B76E-114F60A3D568}.Release|Any CPU.ActiveCfg = Release|Any CPU
		{07201ECC-235F-4682-B76E-114F60A3D568}.Release|Any CPU.Build.0 = Release|Any CPU
		{5DF0D83C-7C8A-4CA0-9E19-15DEF797FF1B}.Debug|Any CPU.ActiveCfg = Debug|Any CPU
		{5DF0D83C-7C8A-4CA0-9E19-15DEF797FF1B}.Debug|Any CPU.Build.0 = Debug|Any CPU
		{5DF0D83C-7C8A-4CA0-9E19-15DEF797FF1B}.Release|Any CPU.ActiveCfg = Release|Any CPU
		{5DF0D83C-7C8A-4CA0-9E19-15DEF797FF1B}.Release|Any CPU.Build.0 = Release|Any CPU
		{A45DC5CA-BEA8-40F9-95DE-BE83A575A0A7}.Debug|Any CPU.ActiveCfg = Debug|Any CPU
		{A45DC5CA-BEA8-40F9-95DE-BE83A575A0A7}.Debug|Any CPU.Build.0 = Debug|Any CPU
		{A45DC5CA-BEA8-40F9-95DE-BE83A575A0A7}.Release|Any CPU.ActiveCfg = Release|Any CPU
		{A45DC5CA-BEA8-40F9-95DE-BE83A575A0A7}.Release|Any CPU.Build.0 = Release|Any CPU
	EndGlobalSection
	GlobalSection(SolutionProperties) = preSolution
		HideSolutionNode = FALSE
	EndGlobalSection
EndGlobal
